
Microsoft Visual Studio Solution File, Format Version 12.00
# Visual Studio Version 17
VisualStudioVersion = 17.10.35013.160
MinimumVisualStudioVersion = 10.0.40219.1
Project("{2150E333-8FDC-42A3-9474-1A3956D46DE8}") = "Form", "Form", "{F1885A83-629F-4887-B001-4C462B52FF5A}"
EndProject
Project("{FAE04EC0-301F-11D3-BF4B-00C04F79EFBC}") = "frm_DangKy", "Frm_DangKy_User\frm_DangKy.csproj", "{4322369C-AED9-483A-B58D-2904CE818E4A}"
EndProject
Project("{FAE04EC0-301F-11D3-BF4B-00C04F79EFBC}") = "frm_DangNhap", "Frm_DangNhap_User\frm_DangNhap.csproj", "{8D269B3B-59F0-48E2-981E-6F258BC86B07}"
EndProject
Project("{2150E333-8FDC-42A3-9474-1A3956D46DE8}") = "User", "User", "{A2AE9594-D09E-436F-87A9-FC57CA3AEEAB}"
EndProject
Project("{FAE04EC0-301F-11D3-BF4B-00C04F79EFBC}") = "frm_TrangChu_User", "frm_TrangChu_User\frm_TrangChu_User.csproj", "{5EC63330-CB67-443A-B9EF-8291E4C0E9A1}"
EndProject
Project("{2150E333-8FDC-42A3-9474-1A3956D46DE8}") = "Admin", "Admin", "{75004B88-1829-4D34-8FF0-C4EF16BEA6E3}"
EndProject
Project("{2150E333-8FDC-42A3-9474-1A3956D46DE8}") = "NVQLyKho", "NVQLyKho", "{F1E95CFF-EFC4-4D56-B88D-C4E022B65210}"
EndProject
Project("{FAE04EC0-301F-11D3-BF4B-00C04F79EFBC}") = "frm_QLTonKho", "frmQLTonKho\frm_QLTonKho.csproj", "{475A8465-90CB-44FF-BEB8-F6F9FA8E605F}"
EndProject
Project("{FAE04EC0-301F-11D3-BF4B-00C04F79EFBC}") = "frm_NhapHang", "frm_NhapHang\frm_NhapHang.csproj", "{23E4BFDE-CAB6-4961-AF2B-933A35D32EF8}"
EndProject
Project("{2150E333-8FDC-42A3-9474-1A3956D46DE8}") = "NVQLyNhanSu", "NVQLyNhanSu", "{EEBDF165-C193-4181-BCD4-8B88DA4DD20E}"
EndProject
Project("{FAE04EC0-301F-11D3-BF4B-00C04F79EFBC}") = "frm_QLNhanVien", "frm_QLNhanVien\frm_QLNhanVien.csproj", "{052635A8-06A6-4A37-A464-3E868252BED0}"
EndProject
Project("{FAE04EC0-301F-11D3-BF4B-00C04F79EFBC}") = "frm_BaoCaoDoanhThu", "frm_BaoCaoDoanhThu\frm_BaoCaoDoanhThu.csproj", "{418B7432-A2AA-41E8-8F48-2074C0E89970}"
EndProject
Project("{FAE04EC0-301F-11D3-BF4B-00C04F79EFBC}") = "frm_QuenMatKhau", "WindowsFormsApp1\frm_QuenMatKhau.csproj", "{8102CEB4-1423-42BD-90E5-566F5BF34FA3}"
EndProject
Global
	GlobalSection(SolutionConfigurationPlatforms) = preSolution
		Debug|Any CPU = Debug|Any CPU
		Release|Any CPU = Release|Any CPU
	EndGlobalSection
	GlobalSection(ProjectConfigurationPlatforms) = postSolution
		{4322369C-AED9-483A-B58D-2904CE818E4A}.Debug|Any CPU.ActiveCfg = Debug|Any CPU
		{4322369C-AED9-483A-B58D-2904CE818E4A}.Debug|Any CPU.Build.0 = Debug|Any CPU
		{4322369C-AED9-483A-B58D-2904CE818E4A}.Release|Any CPU.ActiveCfg = Release|Any CPU
		{4322369C-AED9-483A-B58D-2904CE818E4A}.Release|Any CPU.Build.0 = Release|Any CPU
		{8D269B3B-59F0-48E2-981E-6F258BC86B07}.Debug|Any CPU.ActiveCfg = Debug|Any CPU
		{8D269B3B-59F0-48E2-981E-6F258BC86B07}.Debug|Any CPU.Build.0 = Debug|Any CPU
		{8D269B3B-59F0-48E2-981E-6F258BC86B07}.Release|Any CPU.ActiveCfg = Release|Any CPU
		{8D269B3B-59F0-48E2-981E-6F258BC86B07}.Release|Any CPU.Build.0 = Release|Any CPU
		{5EC63330-CB67-443A-B9EF-8291E4C0E9A1}.Debug|Any CPU.ActiveCfg = Debug|Any CPU
		{5EC63330-CB67-443A-B9EF-8291E4C0E9A1}.Debug|Any CPU.Build.0 = Debug|Any CPU
		{5EC63330-CB67-443A-B9EF-8291E4C0E9A1}.Release|Any CPU.ActiveCfg = Release|Any CPU
		{5EC63330-CB67-443A-B9EF-8291E4C0E9A1}.Release|Any CPU.Build.0 = Release|Any CPU
		{475A8465-90CB-44FF-BEB8-F6F9FA8E605F}.Debug|Any CPU.ActiveCfg = Debug|Any CPU
		{475A8465-90CB-44FF-BEB8-F6F9FA8E605F}.Debug|Any CPU.Build.0 = Debug|Any CPU
		{475A8465-90CB-44FF-BEB8-F6F9FA8E605F}.Release|Any CPU.ActiveCfg = Release|Any CPU
		{475A8465-90CB-44FF-BEB8-F6F9FA8E605F}.Release|Any CPU.Build.0 = Release|Any CPU
		{23E4BFDE-CAB6-4961-AF2B-933A35D32EF8}.Debug|Any CPU.ActiveCfg = Debug|Any CPU
		{23E4BFDE-CAB6-4961-AF2B-933A35D32EF8}.Debug|Any CPU.Build.0 = Debug|Any CPU
		{23E4BFDE-CAB6-4961-AF2B-933A35D32EF8}.Release|Any CPU.ActiveCfg = Release|Any CPU
		{23E4BFDE-CAB6-4961-AF2B-933A35D32EF8}.Release|Any CPU.Build.0 = Release|Any CPU
		{052635A8-06A6-4A37-A464-3E868252BED0}.Debug|Any CPU.ActiveCfg = Debug|Any CPU
		{052635A8-06A6-4A37-A464-3E868252BED0}.Debug|Any CPU.Build.0 = Debug|Any CPU
		{052635A8-06A6-4A37-A464-3E868252BED0}.Release|Any CPU.ActiveCfg = Release|Any CPU
		{052635A8-06A6-4A37-A464-3E868252BED0}.Release|Any CPU.Build.0 = Release|Any CPU
		{418B7432-A2AA-41E8-8F48-2074C0E89970}.Debug|Any CPU.ActiveCfg = Debug|Any CPU
		{418B7432-A2AA-41E8-8F48-2074C0E89970}.Debug|Any CPU.Build.0 = Debug|Any CPU
		{418B7432-A2AA-41E8-8F48-2074C0E89970}.Release|Any CPU.ActiveCfg = Release|Any CPU
		{418B7432-A2AA-41E8-8F48-2074C0E89970}.Release|Any CPU.Build.0 = Release|Any CPU
		{8102CEB4-1423-42BD-90E5-566F5BF34FA3}.Debug|Any CPU.ActiveCfg = Debug|Any CPU
		{8102CEB4-1423-42BD-90E5-566F5BF34FA3}.Debug|Any CPU.Build.0 = Debug|Any CPU
		{8102CEB4-1423-42BD-90E5-566F5BF34FA3}.Release|Any CPU.ActiveCfg = Release|Any CPU
		{8102CEB4-1423-42BD-90E5-566F5BF34FA3}.Release|Any CPU.Build.0 = Release|Any CPU
	EndGlobalSection
	GlobalSection(SolutionProperties) = preSolution
		HideSolutionNode = FALSE
	EndGlobalSection
	GlobalSection(NestedProjects) = preSolution
		{4322369C-AED9-483A-B58D-2904CE818E4A} = {A2AE9594-D09E-436F-87A9-FC57CA3AEEAB}
		{8D269B3B-59F0-48E2-981E-6F258BC86B07} = {A2AE9594-D09E-436F-87A9-FC57CA3AEEAB}
		{A2AE9594-D09E-436F-87A9-FC57CA3AEEAB} = {F1885A83-629F-4887-B001-4C462B52FF5A}
		{5EC63330-CB67-443A-B9EF-8291E4C0E9A1} = {A2AE9594-D09E-436F-87A9-FC57CA3AEEAB}
		{75004B88-1829-4D34-8FF0-C4EF16BEA6E3} = {F1885A83-629F-4887-B001-4C462B52FF5A}
		{F1E95CFF-EFC4-4D56-B88D-C4E022B65210} = {75004B88-1829-4D34-8FF0-C4EF16BEA6E3}
		{475A8465-90CB-44FF-BEB8-F6F9FA8E605F} = {F1E95CFF-EFC4-4D56-B88D-C4E022B65210}
		{23E4BFDE-CAB6-4961-AF2B-933A35D32EF8} = {F1E95CFF-EFC4-4D56-B88D-C4E022B65210}
		{EEBDF165-C193-4181-BCD4-8B88DA4DD20E} = {75004B88-1829-4D34-8FF0-C4EF16BEA6E3}
		{052635A8-06A6-4A37-A464-3E868252BED0} = {EEBDF165-C193-4181-BCD4-8B88DA4DD20E}
		{418B7432-A2AA-41E8-8F48-2074C0E89970} = {75004B88-1829-4D34-8FF0-C4EF16BEA6E3}
		{8102CEB4-1423-42BD-90E5-566F5BF34FA3} = {A2AE9594-D09E-436F-87A9-FC57CA3AEEAB}
	EndGlobalSection
	GlobalSection(ExtensibilityGlobals) = postSolution
		SolutionGuid = {A5E50A50-D58F-42E6-A113-D9BB5179A412}
	EndGlobalSection
EndGlobal
